
Microsoft Visual Studio Solution File, Format Version 11.00
# Visual Studio 2010
Project("{2150E333-8FDC-42A3-9474-1A3956D46DE8}") = "Solution Items", "Solution Items", "{15546604-0FEF-4B61-859B-29BB3F29B186}"
	ProjectSection(SolutionItems) = preProject
		HappyFunBlob.vsmdi = HappyFunBlob.vsmdi
		Local.testsettings = Local.testsettings
		TraceAndTestImpact.testsettings = TraceAndTestImpact.testsettings
	EndProjectSection
EndProject
Project("{FAE04EC0-301F-11D3-BF4B-00C04F79EFBC}") = "HappyFunBlob", "HappyFunBlob\HappyFunBlob.csproj", "{C81707E4-FE82-4E35-85AF-F2A422E2BB8D}"
EndProject
Project("{FAE04EC0-301F-11D3-BF4B-00C04F79EFBC}") = "HappyFunBlobContent", "HappyFunBlob\Content\HappyFunBlobContent.contentproj", "{50E27DD9-AD5A-4129-93A3-93E1D2BFA687}"
EndProject
Project("{FAE04EC0-301F-11D3-BF4B-00C04F79EFBC}") = "Tests", "Tests\Tests.csproj", "{799E0203-0FED-45B3-9026-5525A1EC1FEC}"
EndProject
Global
	GlobalSection(TestCaseManagementSettings) = postSolution
		CategoryFile = HappyFunBlob.vsmdi
	EndGlobalSection
	GlobalSection(SolutionConfigurationPlatforms) = preSolution
		Debug|Any CPU = Debug|Any CPU
		Debug|Mixed Platforms = Debug|Mixed Platforms
		Debug|x86 = Debug|x86
		Release|Any CPU = Release|Any CPU
		Release|Mixed Platforms = Release|Mixed Platforms
		Release|x86 = Release|x86
	EndGlobalSection
	GlobalSection(ProjectConfigurationPlatforms) = postSolution
		{C81707E4-FE82-4E35-85AF-F2A422E2BB8D}.Debug|Any CPU.ActiveCfg = Debug|x86
		{C81707E4-FE82-4E35-85AF-F2A422E2BB8D}.Debug|Mixed Platforms.ActiveCfg = Debug|x86
		{C81707E4-FE82-4E35-85AF-F2A422E2BB8D}.Debug|Mixed Platforms.Build.0 = Debug|x86
		{C81707E4-FE82-4E35-85AF-F2A422E2BB8D}.Debug|x86.ActiveCfg = Debug|x86
		{C81707E4-FE82-4E35-85AF-F2A422E2BB8D}.Debug|x86.Build.0 = Debug|x86
		{C81707E4-FE82-4E35-85AF-F2A422E2BB8D}.Release|Any CPU.ActiveCfg = Release|x86
		{C81707E4-FE82-4E35-85AF-F2A422E2BB8D}.Release|Mixed Platforms.ActiveCfg = Release|x86
		{C81707E4-FE82-4E35-85AF-F2A422E2BB8D}.Release|Mixed Platforms.Build.0 = Release|x86
		{C81707E4-FE82-4E35-85AF-F2A422E2BB8D}.Release|x86.ActiveCfg = Release|x86
		{C81707E4-FE82-4E35-85AF-F2A422E2BB8D}.Release|x86.Build.0 = Release|x86
		{50E27DD9-AD5A-4129-93A3-93E1D2BFA687}.Debug|Any CPU.ActiveCfg = Debug|x86
		{50E27DD9-AD5A-4129-93A3-93E1D2BFA687}.Debug|Mixed Platforms.ActiveCfg = Debug|x86
		{50E27DD9-AD5A-4129-93A3-93E1D2BFA687}.Debug|x86.ActiveCfg = Debug|x86
		{50E27DD9-AD5A-4129-93A3-93E1D2BFA687}.Debug|x86.Build.0 = Debug|x86
		{50E27DD9-AD5A-4129-93A3-93E1D2BFA687}.Release|Any CPU.ActiveCfg = Release|x86
		{50E27DD9-AD5A-4129-93A3-93E1D2BFA687}.Release|Mixed Platforms.ActiveCfg = Release|x86
		{50E27DD9-AD5A-4129-93A3-93E1D2BFA687}.Release|x86.ActiveCfg = Release|x86
		{799E0203-0FED-45B3-9026-5525A1EC1FEC}.Debug|Any CPU.ActiveCfg = Debug|Any CPU
		{799E0203-0FED-45B3-9026-5525A1EC1FEC}.Debug|Any CPU.Build.0 = Debug|Any CPU
		{799E0203-0FED-45B3-9026-5525A1EC1FEC}.Debug|Mixed Platforms.ActiveCfg = Debug|Any CPU
		{799E0203-0FED-45B3-9026-5525A1EC1FEC}.Debug|Mixed Platforms.Build.0 = Debug|Any CPU
		{799E0203-0FED-45B3-9026-5525A1EC1FEC}.Debug|x86.ActiveCfg = Debug|Any CPU
		{799E0203-0FED-45B3-9026-5525A1EC1FEC}.Debug|x86.Build.0 = Debug|Any CPU
		{799E0203-0FED-45B3-9026-5525A1EC1FEC}.Release|Any CPU.ActiveCfg = Release|Any CPU
		{799E0203-0FED-45B3-9026-5525A1EC1FEC}.Release|Any CPU.Build.0 = Release|Any CPU
		{799E0203-0FED-45B3-9026-5525A1EC1FEC}.Release|Mixed Platforms.ActiveCfg = Release|Any CPU
		{799E0203-0FED-45B3-9026-5525A1EC1FEC}.Release|Mixed Platforms.Build.0 = Release|Any CPU
		{799E0203-0FED-45B3-9026-5525A1EC1FEC}.Release|x86.ActiveCfg = Release|Any CPU
		{799E0203-0FED-45B3-9026-5525A1EC1FEC}.Release|x86.Build.0 = Release|Any CPU
	EndGlobalSection
	GlobalSection(SolutionProperties) = preSolution
		HideSolutionNode = FALSE
	EndGlobalSection
EndGlobal
